// !$*UTF8*$!
{
	archiveVersion = 1;
	classes = {
	};
	objectVersion = 50;
	objects = {

/* Begin PBXBuildFile section */
		A68F109825DE6873005E513B /* AppDelegate.swift in Sources */ = {isa = PBXBuildFile; fileRef = A68F109725DE6873005E513B /* AppDelegate.swift */; };
		A68F109A25DE6873005E513B /* SceneDelegate.swift in Sources */ = {isa = PBXBuildFile; fileRef = A68F109925DE6873005E513B /* SceneDelegate.swift */; };
		A68F109C25DE6873005E513B /* ViewController.swift in Sources */ = {isa = PBXBuildFile; fileRef = A68F109B25DE6873005E513B /* ViewController.swift */; };
		A68F109F25DE6873005E513B /* Main.storyboard in Resources */ = {isa = PBXBuildFile; fileRef = A68F109D25DE6873005E513B /* Main.storyboard */; };
		A68F10A125DE6876005E513B /* Assets.xcassets in Resources */ = {isa = PBXBuildFile; fileRef = A68F10A025DE6876005E513B /* Assets.xcassets */; };
		A68F10A425DE6876005E513B /* LaunchScreen.storyboard in Resources */ = {isa = PBXBuildFile; fileRef = A68F10A225DE6876005E513B /* LaunchScreen.storyboard */; };
		A68F10B525DE72EF005E513B /* CoursesTableViewCell.swift in Sources */ = {isa = PBXBuildFile; fileRef = A68F10B325DE72EF005E513B /* CoursesTableViewCell.swift */; };
		A68F10B625DE72EF005E513B /* CoursesTableViewCell.xib in Resources */ = {isa = PBXBuildFile; fileRef = A68F10B425DE72EF005E513B /* CoursesTableViewCell.xib */; };
		A68F10BA25DE7D3E005E513B /* CoursesDetailsTableViewCell.swift in Sources */ = {isa = PBXBuildFile; fileRef = A68F10B825DE7D3E005E513B /* CoursesDetailsTableViewCell.swift */; };
		A68F10BB25DE7D3E005E513B /* CoursesDetailsTableViewCell.xib in Resources */ = {isa = PBXBuildFile; fileRef = A68F10B925DE7D3E005E513B /* CoursesDetailsTableViewCell.xib */; };
		A68F10BE25DE7E3F005E513B /* CoursesViewController.swift in Sources */ = {isa = PBXBuildFile; fileRef = A68F10BD25DE7E3F005E513B /* CoursesViewController.swift */; };
		A68F10C525DE982D005E513B /* HexColorExtension.swift in Sources */ = {isa = PBXBuildFile; fileRef = A68F10BF25DE982D005E513B /* HexColorExtension.swift */; };
		A68F10C625DE982D005E513B /* String.swift in Sources */ = {isa = PBXBuildFile; fileRef = A68F10C025DE982D005E513B /* String.swift */; };
		A68F10C725DE982D005E513B /* UITabBarExtension.swift in Sources */ = {isa = PBXBuildFile; fileRef = A68F10C125DE982D005E513B /* UITabBarExtension.swift */; };
		A68F10C825DE982D005E513B /* UIViewControllerExtension.swift in Sources */ = {isa = PBXBuildFile; fileRef = A68F10C225DE982D005E513B /* UIViewControllerExtension.swift */; };
		A68F10C925DE982D005E513B /* UIViewExtension.swift in Sources */ = {isa = PBXBuildFile; fileRef = A68F10C325DE982D005E513B /* UIViewExtension.swift */; };
		A68F10CA25DE982D005E513B /* UINavigationBarExtension.swift in Sources */ = {isa = PBXBuildFile; fileRef = A68F10C425DE982D005E513B /* UINavigationBarExtension.swift */; };
		A68F10CC25DE99EB005E513B /* CourseDetailsViewController.swift in Sources */ = {isa = PBXBuildFile; fileRef = A68F10CB25DE99EB005E513B /* CourseDetailsViewController.swift */; };
		A6B40A6125E1781B0068AAC7 /* PlaceholderTableViewCell.swift in Sources */ = {isa = PBXBuildFile; fileRef = A6B40A5F25E1781B0068AAC7 /* PlaceholderTableViewCell.swift */; };
		A6B40A6225E1781B0068AAC7 /* PlaceholderTableViewCell.xib in Resources */ = {isa = PBXBuildFile; fileRef = A6B40A6025E1781B0068AAC7 /* PlaceholderTableViewCell.xib */; };
		A6B40A6425E193560068AAC7 /* DubaiW23-Regular.woff.ttf in Resources */ = {isa = PBXBuildFile; fileRef = A6B40A6325E193560068AAC7 /* DubaiW23-Regular.woff.ttf */; };
		A6B40A6625E193610068AAC7 /* DubaiW23-Bold.woff.ttf in Resources */ = {isa = PBXBuildFile; fileRef = A6B40A6525E193600068AAC7 /* DubaiW23-Bold.woff.ttf */; };
/* End PBXBuildFile section */

/* Begin PBXFileReference section */
		A68F109425DE6873005E513B /* Shorfa.app */ = {isa = PBXFileReference; explicitFileType = wrapper.application; includeInIndex = 0; path = Shorfa.app; sourceTree = BUILT_PRODUCTS_DIR; };
		A68F109725DE6873005E513B /* AppDelegate.swift */ = {isa = PBXFileReference; lastKnownFileType = sourcecode.swift; path = AppDelegate.swift; sourceTree = "<group>"; };
		A68F109925DE6873005E513B /* SceneDelegate.swift */ = {isa = PBXFileReference; lastKnownFileType = sourcecode.swift; path = SceneDelegate.swift; sourceTree = "<group>"; };
		A68F109B25DE6873005E513B /* ViewController.swift */ = {isa = PBXFileReference; lastKnownFileType = sourcecode.swift; path = ViewController.swift; sourceTree = "<group>"; };
		A68F109E25DE6873005E513B /* Base */ = {isa = PBXFileReference; lastKnownFileType = file.storyboard; name = Base; path = Base.lproj/Main.storyboard; sourceTree = "<group>"; };
		A68F10A025DE6876005E513B /* Assets.xcassets */ = {isa = PBXFileReference; lastKnownFileType = folder.assetcatalog; path = Assets.xcassets; sourceTree = "<group>"; };
		A68F10A325DE6876005E513B /* Base */ = {isa = PBXFileReference; lastKnownFileType = file.storyboard; name = Base; path = Base.lproj/LaunchScreen.storyboard; sourceTree = "<group>"; };
		A68F10A525DE6876005E513B /* Info.plist */ = {isa = PBXFileReference; lastKnownFileType = text.plist.xml; path = Info.plist; sourceTree = "<group>"; };
		A68F10B325DE72EF005E513B /* CoursesTableViewCell.swift */ = {isa = PBXFileReference; lastKnownFileType = sourcecode.swift; path = CoursesTableViewCell.swift; sourceTree = "<group>"; };
		A68F10B425DE72EF005E513B /* CoursesTableViewCell.xib */ = {isa = PBXFileReference; lastKnownFileType = file.xib; path = CoursesTableViewCell.xib; sourceTree = "<group>"; };
		A68F10B825DE7D3E005E513B /* CoursesDetailsTableViewCell.swift */ = {isa = PBXFileReference; lastKnownFileType = sourcecode.swift; path = CoursesDetailsTableViewCell.swift; sourceTree = "<group>"; };
		A68F10B925DE7D3E005E513B /* CoursesDetailsTableViewCell.xib */ = {isa = PBXFileReference; lastKnownFileType = file.xib; path = CoursesDetailsTableViewCell.xib; sourceTree = "<group>"; };
		A68F10BD25DE7E3F005E513B /* CoursesViewController.swift */ = {isa = PBXFileReference; lastKnownFileType = sourcecode.swift; path = CoursesViewController.swift; sourceTree = "<group>"; };
		A68F10BF25DE982D005E513B /* HexColorExtension.swift */ = {isa = PBXFileReference; fileEncoding = 4; lastKnownFileType = sourcecode.swift; path = HexColorExtension.swift; sourceTree = "<group>"; };
		A68F10C025DE982D005E513B /* String.swift */ = {isa = PBXFileReference; fileEncoding = 4; lastKnownFileType = sourcecode.swift; path = String.swift; sourceTree = "<group>"; };
		A68F10C125DE982D005E513B /* UITabBarExtension.swift */ = {isa = PBXFileReference; fileEncoding = 4; lastKnownFileType = sourcecode.swift; path = UITabBarExtension.swift; sourceTree = "<group>"; };
		A68F10C225DE982D005E513B /* UIViewControllerExtension.swift */ = {isa = PBXFileReference; fileEncoding = 4; lastKnownFileType = sourcecode.swift; path = UIViewControllerExtension.swift; sourceTree = "<group>"; };
		A68F10C325DE982D005E513B /* UIViewExtension.swift */ = {isa = PBXFileReference; fileEncoding = 4; lastKnownFileType = sourcecode.swift; path = UIViewExtension.swift; sourceTree = "<group>"; };
		A68F10C425DE982D005E513B /* UINavigationBarExtension.swift */ = {isa = PBXFileReference; fileEncoding = 4; lastKnownFileType = sourcecode.swift; path = UINavigationBarExtension.swift; sourceTree = "<group>"; };
		A68F10CB25DE99EB005E513B /* CourseDetailsViewController.swift */ = {isa = PBXFileReference; lastKnownFileType = sourcecode.swift; path = CourseDetailsViewController.swift; sourceTree = "<group>"; };
		A6B40A5F25E1781B0068AAC7 /* PlaceholderTableViewCell.swift */ = {isa = PBXFileReference; lastKnownFileType = sourcecode.swift; path = PlaceholderTableViewCell.swift; sourceTree = "<group>"; };
		A6B40A6025E1781B0068AAC7 /* PlaceholderTableViewCell.xib */ = {isa = PBXFileReference; lastKnownFileType = file.xib; path = PlaceholderTableViewCell.xib; sourceTree = "<group>"; };
		A6B40A6325E193560068AAC7 /* DubaiW23-Regular.woff.ttf */ = {isa = PBXFileReference; lastKnownFileType = file; path = "DubaiW23-Regular.woff.ttf"; sourceTree = "<group>"; };
		A6B40A6525E193600068AAC7 /* DubaiW23-Bold.woff.ttf */ = {isa = PBXFileReference; lastKnownFileType = file; path = "DubaiW23-Bold.woff.ttf"; sourceTree = "<group>"; };
/* End PBXFileReference section */

/* Begin PBXFrameworksBuildPhase section */
		A68F109125DE6873005E513B /* Frameworks */ = {
			isa = PBXFrameworksBuildPhase;
			buildActionMask = 2147483647;
			files = (
			);
			runOnlyForDeploymentPostprocessing = 0;
		};
/* End PBXFrameworksBuildPhase section */

/* Begin PBXGroup section */
		A68F108B25DE6873005E513B = {
			isa = PBXGroup;
			children = (
				A68F109625DE6873005E513B /* Shorfa */,
				A68F109525DE6873005E513B /* Products */,
			);
			sourceTree = "<group>";
		};
		A68F109525DE6873005E513B /* Products */ = {
			isa = PBXGroup;
			children = (
				A68F109425DE6873005E513B /* Shorfa.app */,
			);
			name = Products;
			sourceTree = "<group>";
		};
		A68F109625DE6873005E513B /* Shorfa */ = {
			isa = PBXGroup;
			children = (
				A68F10AE25DE689C005E513B /* SupportFiles */,
				A68F10AD25DE6892005E513B /* Storyboard */,
				A68F10AC25DE688A005E513B /* Utlis */,
				A68F10AB25DE687F005E513B /* ViewController */,
				A68F109725DE6873005E513B /* AppDelegate.swift */,
				A68F109925DE6873005E513B /* SceneDelegate.swift */,
				A68F10A525DE6876005E513B /* Info.plist */,
			);
			path = Shorfa;
			sourceTree = "<group>";
		};
		A68F10AB25DE687F005E513B /* ViewController */ = {
			isa = PBXGroup;
			children = (
				A68F10BC25DE7DFC005E513B /* Courses */,
				A68F10B025DE72AA005E513B /* XIB */,
				A68F10CB25DE99EB005E513B /* CourseDetailsViewController.swift */,
			);
			path = ViewController;
			sourceTree = "<group>";
		};
		A68F10AC25DE688A005E513B /* Utlis */ = {
			isa = PBXGroup;
			children = (
				A68F10BF25DE982D005E513B /* HexColorExtension.swift */,
				A68F10C025DE982D005E513B /* String.swift */,
				A68F10C425DE982D005E513B /* UINavigationBarExtension.swift */,
				A68F10C125DE982D005E513B /* UITabBarExtension.swift */,
				A68F10C225DE982D005E513B /* UIViewControllerExtension.swift */,
				A68F10C325DE982D005E513B /* UIViewExtension.swift */,
				A68F109B25DE6873005E513B /* ViewController.swift */,
			);
			path = Utlis;
			sourceTree = "<group>";
		};
		A68F10AD25DE6892005E513B /* Storyboard */ = {
			isa = PBXGroup;
			children = (
				A68F109D25DE6873005E513B /* Main.storyboard */,
				A68F10A225DE6876005E513B /* LaunchScreen.storyboard */,
			);
			path = Storyboard;
			sourceTree = "<group>";
		};
		A68F10AE25DE689C005E513B /* SupportFiles */ = {
			isa = PBXGroup;
			children = (
				A68F10AF25DE68C0005E513B /* Font */,
				A68F10A025DE6876005E513B /* Assets.xcassets */,
			);
			path = SupportFiles;
			sourceTree = "<group>";
		};
		A68F10AF25DE68C0005E513B /* Font */ = {
			isa = PBXGroup;
			children = (
				A6B40A6325E193560068AAC7 /* DubaiW23-Regular.woff.ttf */,
				A6B40A6525E193600068AAC7 /* DubaiW23-Bold.woff.ttf */,
			);
			path = Font;
			sourceTree = "<group>";
		};
		A68F10B025DE72AA005E513B /* XIB */ = {
			isa = PBXGroup;
			children = (
				A68F10B125DE72B7005E513B /* TableView */,
			);
			path = XIB;
			sourceTree = "<group>";
		};
		A68F10B125DE72B7005E513B /* TableView */ = {
			isa = PBXGroup;
			children = (
				A68F10B725DE7D1A005E513B /* CoursesDetails */,
				A68F10B225DE72C2005E513B /* Courses */,
			);
			path = TableView;
			sourceTree = "<group>";
		};
		A68F10B225DE72C2005E513B /* Courses */ = {
			isa = PBXGroup;
			children = (
				A68F10B325DE72EF005E513B /* CoursesTableViewCell.swift */,
				A68F10B425DE72EF005E513B /* CoursesTableViewCell.xib */,
				A6B40A5F25E1781B0068AAC7 /* PlaceholderTableViewCell.swift */,
				A6B40A6025E1781B0068AAC7 /* PlaceholderTableViewCell.xib */,
			);
			path = Courses;
			sourceTree = "<group>";
		};
		A68F10B725DE7D1A005E513B /* CoursesDetails */ = {
			isa = PBXGroup;
			children = (
				A68F10B825DE7D3E005E513B /* CoursesDetailsTableViewCell.swift */,
				A68F10B925DE7D3E005E513B /* CoursesDetailsTableViewCell.xib */,
			);
			path = CoursesDetails;
			sourceTree = "<group>";
		};
		A68F10BC25DE7DFC005E513B /* Courses */ = {
			isa = PBXGroup;
			children = (
				A68F10BD25DE7E3F005E513B /* CoursesViewController.swift */,
			);
			path = Courses;
			sourceTree = "<group>";
		};
/* End PBXGroup section */

/* Begin PBXNativeTarget section */
		A68F109325DE6873005E513B /* Shorfa */ = {
			isa = PBXNativeTarget;
			buildConfigurationList = A68F10A825DE6876005E513B /* Build configuration list for PBXNativeTarget "Shorfa" */;
			buildPhases = (
				A68F109025DE6873005E513B /* Sources */,
				A68F109125DE6873005E513B /* Frameworks */,
				A68F109225DE6873005E513B /* Resources */,
			);
			buildRules = (
			);
			dependencies = (
			);
			name = Shorfa;
			productName = Shorfa;
			productReference = A68F109425DE6873005E513B /* Shorfa.app */;
			productType = "com.apple.product-type.application";
		};
/* End PBXNativeTarget section */

/* Begin PBXProject section */
		A68F108C25DE6873005E513B /* Project object */ = {
			isa = PBXProject;
			attributes = {
				LastSwiftUpdateCheck = 1130;
				LastUpgradeCheck = 1130;
				ORGANIZATIONNAME = "mac air";
				TargetAttributes = {
					A68F109325DE6873005E513B = {
						CreatedOnToolsVersion = 11.3.1;
					};
				};
			};
			buildConfigurationList = A68F108F25DE6873005E513B /* Build configuration list for PBXProject "Shorfa" */;
			compatibilityVersion = "Xcode 9.3";
			developmentRegion = en;
			hasScannedForEncodings = 0;
			knownRegions = (
				en,
				Base,
			);
			mainGroup = A68F108B25DE6873005E513B;
			productRefGroup = A68F109525DE6873005E513B /* Products */;
			projectDirPath = "";
			projectRoot = "";
			targets = (
				A68F109325DE6873005E513B /* Shorfa */,
			);
		};
/* End PBXProject section */

/* Begin PBXResourcesBuildPhase section */
		A68F109225DE6873005E513B /* Resources */ = {
			isa = PBXResourcesBuildPhase;
			buildActionMask = 2147483647;
			files = (
				A6B40A6425E193560068AAC7 /* DubaiW23-Regular.woff.ttf in Resources */,
				A6B40A6625E193610068AAC7 /* DubaiW23-Bold.woff.ttf in Resources */,
				A68F10B625DE72EF005E513B /* CoursesTableViewCell.xib in Resources */,
				A68F10BB25DE7D3E005E513B /* CoursesDetailsTableViewCell.xib in Resources */,
				A68F10A425DE6876005E513B /* LaunchScreen.storyboard in Resources */,
				A6B40A6225E1781B0068AAC7 /* PlaceholderTableViewCell.xib in Resources */,
				A68F10A125DE6876005E513B /* Assets.xcassets in Resources */,
				A68F109F25DE6873005E513B /* Main.storyboard in Resources */,
			);
			runOnlyForDeploymentPostprocessing = 0;
		};
/* End PBXResourcesBuildPhase section */

/* Begin PBXSourcesBuildPhase section */
		A68F109025DE6873005E513B /* Sources */ = {
			isa = PBXSourcesBuildPhase;
			buildActionMask = 2147483647;
			files = (
				A68F10B525DE72EF005E513B /* CoursesTableViewCell.swift in Sources */,
				A68F109C25DE6873005E513B /* ViewController.swift in Sources */,
				A68F10CC25DE99EB005E513B /* CourseDetailsViewController.swift in Sources */,
				A68F10C925DE982D005E513B /* UIViewExtension.swift in Sources */,
				A68F10C825DE982D005E513B /* UIViewControllerExtension.swift in Sources */,
				A68F10C525DE982D005E513B /* HexColorExtension.swift in Sources */,
				A68F10BA25DE7D3E005E513B /* CoursesDetailsTableViewCell.swift in Sources */,
				A68F109825DE6873005E513B /* AppDelegate.swift in Sources */,
				A68F109A25DE6873005E513B /* SceneDelegate.swift in Sources */,
				A6B40A6125E1781B0068AAC7 /* PlaceholderTableViewCell.swift in Sources */,
				A68F10C625DE982D005E513B /* String.swift in Sources */,
				A68F10CA25DE982D005E513B /* UINavigationBarExtension.swift in Sources */,
				A68F10BE25DE7E3F005E513B /* CoursesViewController.swift in Sources */,
				A68F10C725DE982D005E513B /* UITabBarExtension.swift in Sources */,
			);
			runOnlyForDeploymentPostprocessing = 0;
		};
/* End PBXSourcesBuildPhase section */

/* Begin PBXVariantGroup section */
		A68F109D25DE6873005E513B /* Main.storyboard */ = {
			isa = PBXVariantGroup;
			children = (
				A68F109E25DE6873005E513B /* Base */,
			);
			name = Main.storyboard;
			sourceTree = "<group>";
		};
		A68F10A225DE6876005E513B /* LaunchScreen.storyboard */ = {
			isa = PBXVariantGroup;
			children = (
				A68F10A325DE6876005E513B /* Base */,
			);
			name = LaunchScreen.storyboard;
			sourceTree = "<group>";
		};
/* End PBXVariantGroup section */

/* Begin XCBuildConfiguration section */
		A68F10A625DE6876005E513B /* Debug */ = {
			isa = XCBuildConfiguration;
			buildSettings = {
				ALWAYS_SEARCH_USER_PATHS = NO;
				CLANG_ANALYZER_NONNULL = YES;
				CLANG_ANALYZER_NUMBER_OBJECT_CONVERSION = YES_AGGRESSIVE;
				CLANG_CXX_LANGUAGE_STANDARD = "gnu++14";
				CLANG_CXX_LIBRARY = "libc++";
				CLANG_ENABLE_MODULES = YES;
				CLANG_ENABLE_OBJC_ARC = YES;
				CLANG_ENABLE_OBJC_WEAK = YES;
				CLANG_WARN_BLOCK_CAPTURE_AUTORELEASING = YES;
				CLANG_WARN_BOOL_CONVERSION = YES;
				CLANG_WARN_COMMA = YES;
				CLANG_WARN_CONSTANT_CONVERSION = YES;
				CLANG_WARN_DEPRECATED_OBJC_IMPLEMENTATIONS = YES;
				CLANG_WARN_DIRECT_OBJC_ISA_USAGE = YES_ERROR;
				CLANG_WARN_DOCUMENTATION_COMMENTS = YES;
				CLANG_WARN_EMPTY_BODY = YES;
				CLANG_WARN_ENUM_CONVERSION = YES;
				CLANG_WARN_INFINITE_RECURSION = YES;
				CLANG_WARN_INT_CONVERSION = YES;
				CLANG_WARN_NON_LITERAL_NULL_CONVERSION = YES;
				CLANG_WARN_OBJC_IMPLICIT_RETAIN_SELF = YES;
				CLANG_WARN_OBJC_LITERAL_CONVERSION = YES;
				CLANG_WARN_OBJC_ROOT_CLASS = YES_ERROR;
				CLANG_WARN_RANGE_LOOP_ANALYSIS = YES;
				CLANG_WARN_STRICT_PROTOTYPES = YES;
				CLANG_WARN_SUSPICIOUS_MOVE = YES;
				CLANG_WARN_UNGUARDED_AVAILABILITY = YES_AGGRESSIVE;
				CLANG_WARN_UNREACHABLE_CODE = YES;
				CLANG_WARN__DUPLICATE_METHOD_MATCH = YES;
				COPY_PHASE_STRIP = NO;
				DEBUG_INFORMATION_FORMAT = dwarf;
				ENABLE_STRICT_OBJC_MSGSEND = YES;
				ENABLE_TESTABILITY = YES;
				GCC_C_LANGUAGE_STANDARD = gnu11;
				GCC_DYNAMIC_NO_PIC = NO;
				GCC_NO_COMMON_BLOCKS = YES;
				GCC_OPTIMIZATION_LEVEL = 0;
				GCC_PREPROCESSOR_DEFINITIONS = (
					"DEBUG=1",
					"$(inherited)",
				);
				GCC_WARN_64_TO_32_BIT_CONVERSION = YES;
				GCC_WARN_ABOUT_RETURN_TYPE = YES_ERROR;
				GCC_WARN_UNDECLARED_SELECTOR = YES;
				GCC_WARN_UNINITIALIZED_AUTOS = YES_AGGRESSIVE;
				GCC_WARN_UNUSED_FUNCTION = YES;
				GCC_WARN_UNUSED_VARIABLE = YES;
				IPHONEOS_DEPLOYMENT_TARGET = 13.2;
				MTL_ENABLE_DEBUG_INFO = INCLUDE_SOURCE;
				MTL_FAST_MATH = YES;
				ONLY_ACTIVE_ARCH = YES;
				SDKROOT = iphoneos;
				SWIFT_ACTIVE_COMPILATION_CONDITIONS = DEBUG;
				SWIFT_OPTIMIZATION_LEVEL = "-Onone";
			};
			name = Debug;
		};
		A68F10A725DE6876005E513B /* Release */ = {
			isa = XCBuildConfiguration;
			buildSettings = {
				ALWAYS_SEARCH_USER_PATHS = NO;
				CLANG_ANALYZER_NONNULL = YES;
				CLANG_ANALYZER_NUMBER_OBJECT_CONVERSION = YES_AGGRESSIVE;
				CLANG_CXX_LANGUAGE_STANDARD = "gnu++14";
				CLANG_CXX_LIBRARY = "libc++";
				CLANG_ENABLE_MODULES = YES;
				CLANG_ENABLE_OBJC_ARC = YES;
				CLANG_ENABLE_OBJC_WEAK = YES;
				CLANG_WARN_BLOCK_CAPTURE_AUTORELEASING = YES;
				CLANG_WARN_BOOL_CONVERSION = YES;
				CLANG_WARN_COMMA = YES;
				CLANG_WARN_CONSTANT_CONVERSION = YES;
				CLANG_WARN_DEPRECATED_OBJC_IMPLEMENTATIONS = YES;
				CLANG_WARN_DIRECT_OBJC_ISA_USAGE = YES_ERROR;
				CLANG_WARN_DOCUMENTATION_COMMENTS = YES;
				CLANG_WARN_EMPTY_BODY = YES;
				CLANG_WARN_ENUM_CONVERSION = YES;
				CLANG_WARN_INFINITE_RECURSION = YES;
				CLANG_WARN_INT_CONVERSION = YES;
				CLANG_WARN_NON_LITERAL_NULL_CONVERSION = YES;
				CLANG_WARN_OBJC_IMPLICIT_RETAIN_SELF = YES;
				CLANG_WARN_OBJC_LITERAL_CONVERSION = YES;
				CLANG_WARN_OBJC_ROOT_CLASS = YES_ERROR;
				CLANG_WARN_RANGE_LOOP_ANALYSIS = YES;
				CLANG_WARN_STRICT_PROTOTYPES = YES;
				CLANG_WARN_SUSPICIOUS_MOVE = YES;
				CLANG_WARN_UNGUARDED_AVAILABILITY = YES_AGGRESSIVE;
				CLANG_WARN_UNREACHABLE_CODE = YES;
				CLANG_WARN__DUPLICATE_METHOD_MATCH = YES;
				COPY_PHASE_STRIP = NO;
				DEBUG_INFORMATION_FORMAT = "dwarf-with-dsym";
				ENABLE_NS_ASSERTIONS = NO;
				ENABLE_STRICT_OBJC_MSGSEND = YES;
				GCC_C_LANGUAGE_STANDARD = gnu11;
				GCC_NO_COMMON_BLOCKS = YES;
				GCC_WARN_64_TO_32_BIT_CONVERSION = YES;
				GCC_WARN_ABOUT_RETURN_TYPE = YES_ERROR;
				GCC_WARN_UNDECLARED_SELECTOR = YES;
				GCC_WARN_UNINITIALIZED_AUTOS = YES_AGGRESSIVE;
				GCC_WARN_UNUSED_FUNCTION = YES;
				GCC_WARN_UNUSED_VARIABLE = YES;
				IPHONEOS_DEPLOYMENT_TARGET = 13.2;
				MTL_ENABLE_DEBUG_INFO = NO;
				MTL_FAST_MATH = YES;
				SDKROOT = iphoneos;
				SWIFT_COMPILATION_MODE = wholemodule;
				SWIFT_OPTIMIZATION_LEVEL = "-O";
				VALIDATE_PRODUCT = YES;
			};
			name = Release;
		};
		A68F10A925DE6876005E513B /* Debug */ = {
			isa = XCBuildConfiguration;
			buildSettings = {
				ASSETCATALOG_COMPILER_APPICON_NAME = AppIcon;
				CODE_SIGN_STYLE = Automatic;
				INFOPLIST_FILE = Shorfa/Info.plist;
				LD_RUNPATH_SEARCH_PATHS = (
					"$(inherited)",
					"@executable_path/Frameworks",
				);
				PRODUCT_BUNDLE_IDENTIFIER = com.taima.net.Shorfa;
				PRODUCT_NAME = "$(TARGET_NAME)";
				SWIFT_VERSION = 5.0;
				TARGETED_DEVICE_FAMILY = "1,2";
			};
			name = Debug;
		};
		A68F10AA25DE6876005E513B /* Release */ = {
			isa = XCBuildConfiguration;
			buildSettings = {
				ASSETCATALOG_COMPILER_APPICON_NAME = AppIcon;
				CODE_SIGN_STYLE = Automatic;
				INFOPLIST_FILE = Shorfa/Info.plist;
				LD_RUNPATH_SEARCH_PATHS = (
					"$(inherited)",
					"@executable_path/Frameworks",
				);
				PRODUCT_BUNDLE_IDENTIFIER = com.taima.net.Shorfa;
				PRODUCT_NAME = "$(TARGET_NAME)";
				SWIFT_VERSION = 5.0;
				TARGETED_DEVICE_FAMILY = "1,2";
			};
			name = Release;
		};
/* End XCBuildConfiguration section */

/* Begin XCConfigurationList section */
		A68F108F25DE6873005E513B /* Build configuration list for PBXProject "Shorfa" */ = {
			isa = XCConfigurationList;
			buildConfigurations = (
				A68F10A625DE6876005E513B /* Debug */,
				A68F10A725DE6876005E513B /* Release */,
			);
			defaultConfigurationIsVisible = 0;
			defaultConfigurationName = Release;
		};
		A68F10A825DE6876005E513B /* Build configuration list for PBXNativeTarget "Shorfa" */ = {
			isa = XCConfigurationList;
			buildConfigurations = (
				A68F10A925DE6876005E513B /* Debug */,
				A68F10AA25DE6876005E513B /* Release */,
			);
			defaultConfigurationIsVisible = 0;
			defaultConfigurationName = Release;
		};
/* End XCConfigurationList section */
	};
	rootObject = A68F108C25DE6873005E513B /* Project object */;
}
